// !$*UTF8*$!
{
	archiveVersion = 1;
	classes = {
	};
	objectVersion = 55;
	objects = {

/* Begin PBXBuildFile section */
		1CC7B41FF584FDFA103314B9 /* Pods_TableTestTests.framework in Frameworks */ = {isa = PBXBuildFile; fileRef = 7B9CDA44F1F20B747538E3D1 /* Pods_TableTestTests.framework */; };
		274C115BC84891075CB027E1 /* Pods_TableTest_TableTestUITests.framework in Frameworks */ = {isa = PBXBuildFile; fileRef = D12B0E2BA858E84DBFD4CBFC /* Pods_TableTest_TableTestUITests.framework */; };
		5B049017278BBF71006E7B12 /* AppDelegate.swift in Sources */ = {isa = PBXBuildFile; fileRef = 5B049016278BBF71006E7B12 /* AppDelegate.swift */; };
		5B049019278BBF71006E7B12 /* SceneDelegate.swift in Sources */ = {isa = PBXBuildFile; fileRef = 5B049018278BBF71006E7B12 /* SceneDelegate.swift */; };
		5B04901B278BBF71006E7B12 /* ViewController.swift in Sources */ = {isa = PBXBuildFile; fileRef = 5B04901A278BBF71006E7B12 /* ViewController.swift */; };
		5B04901E278BBF71006E7B12 /* Main.storyboard in Resources */ = {isa = PBXBuildFile; fileRef = 5B04901C278BBF71006E7B12 /* Main.storyboard */; };
		5B049020278BBF75006E7B12 /* Assets.xcassets in Resources */ = {isa = PBXBuildFile; fileRef = 5B04901F278BBF75006E7B12 /* Assets.xcassets */; };
		5B049023278BBF75006E7B12 /* LaunchScreen.storyboard in Resources */ = {isa = PBXBuildFile; fileRef = 5B049021278BBF75006E7B12 /* LaunchScreen.storyboard */; };
		5B04902E278BBF76006E7B12 /* TableTestTests.swift in Sources */ = {isa = PBXBuildFile; fileRef = 5B04902D278BBF76006E7B12 /* TableTestTests.swift */; };
		5B049038278BBF76006E7B12 /* TableTestUITests.swift in Sources */ = {isa = PBXBuildFile; fileRef = 5B049037278BBF76006E7B12 /* TableTestUITests.swift */; };
		5B04903A278BBF76006E7B12 /* TableTestUITestsLaunchTests.swift in Sources */ = {isa = PBXBuildFile; fileRef = 5B049039278BBF76006E7B12 /* TableTestUITestsLaunchTests.swift */; };
		99FD551613209A0E6D288A9D /* Pods_TableTest.framework in Frameworks */ = {isa = PBXBuildFile; fileRef = FB7CBC4D0BCF0210FA21B1DB /* Pods_TableTest.framework */; };
/* End PBXBuildFile section */

/* Begin PBXContainerItemProxy section */
		5B04902A278BBF76006E7B12 /* PBXContainerItemProxy */ = {
			isa = PBXContainerItemProxy;
			containerPortal = 5B04900B278BBF71006E7B12 /* Project object */;
			proxyType = 1;
			remoteGlobalIDString = 5B049012278BBF71006E7B12;
			remoteInfo = TableTest;
		};
		5B049034278BBF76006E7B12 /* PBXContainerItemProxy */ = {
			isa = PBXContainerItemProxy;
			containerPortal = 5B04900B278BBF71006E7B12 /* Project object */;
			proxyType = 1;
			remoteGlobalIDString = 5B049012278BBF71006E7B12;
			remoteInfo = TableTest;
		};
/* End PBXContainerItemProxy section */

/* Begin PBXFileReference section */
		0FFF517FD0081742BCD084AF /* Pods-TableTestTests.release.xcconfig */ = {isa = PBXFileReference; includeInIndex = 1; lastKnownFileType = text.xcconfig; name = "Pods-TableTestTests.release.xcconfig"; path = "Target Support Files/Pods-TableTestTests/Pods-TableTestTests.release.xcconfig"; sourceTree = "<group>"; };
		28674E2CE94E46A96496D75D /* Pods-TableTest.debug.xcconfig */ = {isa = PBXFileReference; includeInIndex = 1; lastKnownFileType = text.xcconfig; name = "Pods-TableTest.debug.xcconfig"; path = "Target Support Files/Pods-TableTest/Pods-TableTest.debug.xcconfig"; sourceTree = "<group>"; };
		5B049013278BBF71006E7B12 /* TableTest.app */ = {isa = PBXFileReference; explicitFileType = wrapper.application; includeInIndex = 0; path = TableTest.app; sourceTree = BUILT_PRODUCTS_DIR; };
		5B049016278BBF71006E7B12 /* AppDelegate.swift */ = {isa = PBXFileReference; lastKnownFileType = sourcecode.swift; path = AppDelegate.swift; sourceTree = "<group>"; };
		5B049018278BBF71006E7B12 /* SceneDelegate.swift */ = {isa = PBXFileReference; lastKnownFileType = sourcecode.swift; path = SceneDelegate.swift; sourceTree = "<group>"; };
		5B04901A278BBF71006E7B12 /* ViewController.swift */ = {isa = PBXFileReference; lastKnownFileType = sourcecode.swift; path = ViewController.swift; sourceTree = "<group>"; };
		5B04901D278BBF71006E7B12 /* Base */ = {isa = PBXFileReference; lastKnownFileType = file.storyboard; name = Base; path = Base.lproj/Main.storyboard; sourceTree = "<group>"; };
		5B04901F278BBF75006E7B12 /* Assets.xcassets */ = {isa = PBXFileReference; lastKnownFileType = folder.assetcatalog; path = Assets.xcassets; sourceTree = "<group>"; };
		5B049022278BBF75006E7B12 /* Base */ = {isa = PBXFileReference; lastKnownFileType = file.storyboard; name = Base; path = Base.lproj/LaunchScreen.storyboard; sourceTree = "<group>"; };
		5B049024278BBF75006E7B12 /* Info.plist */ = {isa = PBXFileReference; lastKnownFileType = text.plist.xml; path = Info.plist; sourceTree = "<group>"; };
		5B049029278BBF76006E7B12 /* TableTestTests.xctest */ = {isa = PBXFileReference; explicitFileType = wrapper.cfbundle; includeInIndex = 0; path = TableTestTests.xctest; sourceTree = BUILT_PRODUCTS_DIR; };
		5B04902D278BBF76006E7B12 /* TableTestTests.swift */ = {isa = PBXFileReference; lastKnownFileType = sourcecode.swift; path = TableTestTests.swift; sourceTree = "<group>"; };
		5B049033278BBF76006E7B12 /* TableTestUITests.xctest */ = {isa = PBXFileReference; explicitFileType = wrapper.cfbundle; includeInIndex = 0; path = TableTestUITests.xctest; sourceTree = BUILT_PRODUCTS_DIR; };
		5B049037278BBF76006E7B12 /* TableTestUITests.swift */ = {isa = PBXFileReference; lastKnownFileType = sourcecode.swift; path = TableTestUITests.swift; sourceTree = "<group>"; };
		5B049039278BBF76006E7B12 /* TableTestUITestsLaunchTests.swift */ = {isa = PBXFileReference; lastKnownFileType = sourcecode.swift; path = TableTestUITestsLaunchTests.swift; sourceTree = "<group>"; };
		6B5C4D0AEAE2F5368D2669C1 /* Pods-TableTest-TableTestUITests.debug.xcconfig */ = {isa = PBXFileReference; includeInIndex = 1; lastKnownFileType = text.xcconfig; name = "Pods-TableTest-TableTestUITests.debug.xcconfig"; path = "Target Support Files/Pods-TableTest-TableTestUITests/Pods-TableTest-TableTestUITests.debug.xcconfig"; sourceTree = "<group>"; };
		7B9CDA44F1F20B747538E3D1 /* Pods_TableTestTests.framework */ = {isa = PBXFileReference; explicitFileType = wrapper.framework; includeInIndex = 0; path = Pods_TableTestTests.framework; sourceTree = BUILT_PRODUCTS_DIR; };
		BF3E9C188200A08780C30AE1 /* Pods-TableTestTests.debug.xcconfig */ = {isa = PBXFileReference; includeInIndex = 1; lastKnownFileType = text.xcconfig; name = "Pods-TableTestTests.debug.xcconfig"; path = "Target Support Files/Pods-TableTestTests/Pods-TableTestTests.debug.xcconfig"; sourceTree = "<group>"; };
		D12B0E2BA858E84DBFD4CBFC /* Pods_TableTest_TableTestUITests.framework */ = {isa = PBXFileReference; explicitFileType = wrapper.framework; includeInIndex = 0; path = Pods_TableTest_TableTestUITests.framework; sourceTree = BUILT_PRODUCTS_DIR; };
		D14D92CAE4B9A6E7CEC25A5F /* Pods-TableTest.release.xcconfig */ = {isa = PBXFileReference; includeInIndex = 1; lastKnownFileType = text.xcconfig; name = "Pods-TableTest.release.xcconfig"; path = "Target Support Files/Pods-TableTest/Pods-TableTest.release.xcconfig"; sourceTree = "<group>"; };
		F2309888808D92EC409063C4 /* Pods-TableTest-TableTestUITests.release.xcconfig */ = {isa = PBXFileReference; includeInIndex = 1; lastKnownFileType = text.xcconfig; name = "Pods-TableTest-TableTestUITests.release.xcconfig"; path = "Target Support Files/Pods-TableTest-TableTestUITests/Pods-TableTest-TableTestUITests.release.xcconfig"; sourceTree = "<group>"; };
		FB7CBC4D0BCF0210FA21B1DB /* Pods_TableTest.framework */ = {isa = PBXFileReference; explicitFileType = wrapper.framework; includeInIndex = 0; path = Pods_TableTest.framework; sourceTree = BUILT_PRODUCTS_DIR; };
/* End PBXFileReference section */

/* Begin PBXFrameworksBuildPhase section */
		5B049010278BBF71006E7B12 /* Frameworks */ = {
			isa = PBXFrameworksBuildPhase;
			buildActionMask = 2147483647;
			files = (
				99FD551613209A0E6D288A9D /* Pods_TableTest.framework in Frameworks */,
			);
			runOnlyForDeploymentPostprocessing = 0;
		};
		5B049026278BBF76006E7B12 /* Frameworks */ = {
			isa = PBXFrameworksBuildPhase;
			buildActionMask = 2147483647;
			files = (
				1CC7B41FF584FDFA103314B9 /* Pods_TableTestTests.framework in Frameworks */,
			);
			runOnlyForDeploymentPostprocessing = 0;
		};
		5B049030278BBF76006E7B12 /* Frameworks */ = {
			isa = PBXFrameworksBuildPhase;
			buildActionMask = 2147483647;
			files = (
				274C115BC84891075CB027E1 /* Pods_TableTest_TableTestUITests.framework in Frameworks */,
			);
			runOnlyForDeploymentPostprocessing = 0;
		};
/* End PBXFrameworksBuildPhase section */

/* Begin PBXGroup section */
		33885E9D0D5031A630C5084D /* Frameworks */ = {
			isa = PBXGroup;
			children = (
				FB7CBC4D0BCF0210FA21B1DB /* Pods_TableTest.framework */,
				D12B0E2BA858E84DBFD4CBFC /* Pods_TableTest_TableTestUITests.framework */,
				7B9CDA44F1F20B747538E3D1 /* Pods_TableTestTests.framework */,
			);
			name = Frameworks;
			sourceTree = "<group>";
		};
		5B04900A278BBF71006E7B12 = {
			isa = PBXGroup;
			children = (
				5B049015278BBF71006E7B12 /* TableTest */,
				5B04902C278BBF76006E7B12 /* TableTestTests */,
				5B049036278BBF76006E7B12 /* TableTestUITests */,
				5B049014278BBF71006E7B12 /* Products */,
				89E8DA1919C3459D66E34E50 /* Pods */,
				33885E9D0D5031A630C5084D /* Frameworks */,
			);
			sourceTree = "<group>";
		};
		5B049014278BBF71006E7B12 /* Products */ = {
			isa = PBXGroup;
			children = (
				5B049013278BBF71006E7B12 /* TableTest.app */,
				5B049029278BBF76006E7B12 /* TableTestTests.xctest */,
				5B049033278BBF76006E7B12 /* TableTestUITests.xctest */,
			);
			name = Products;
			sourceTree = "<group>";
		};
		5B049015278BBF71006E7B12 /* TableTest */ = {
			isa = PBXGroup;
			children = (
				5B049046278BC0A9006E7B12 /* Model */,
				5B049047278BC0B4006E7B12 /* Controller */,
				5B049016278BBF71006E7B12 /* AppDelegate.swift */,
				5B049018278BBF71006E7B12 /* SceneDelegate.swift */,
				5B04901F278BBF75006E7B12 /* Assets.xcassets */,
				5B049024278BBF75006E7B12 /* Info.plist */,
			);
			path = TableTest;
			sourceTree = "<group>";
		};
		5B04902C278BBF76006E7B12 /* TableTestTests */ = {
			isa = PBXGroup;
			children = (
				5B04902D278BBF76006E7B12 /* TableTestTests.swift */,
			);
			path = TableTestTests;
			sourceTree = "<group>";
		};
		5B049036278BBF76006E7B12 /* TableTestUITests */ = {
			isa = PBXGroup;
			children = (
				5B049037278BBF76006E7B12 /* TableTestUITests.swift */,
				5B049039278BBF76006E7B12 /* TableTestUITestsLaunchTests.swift */,
			);
			path = TableTestUITests;
			sourceTree = "<group>";
		};
		5B049046278BC0A9006E7B12 /* Model */ = {
			isa = PBXGroup;
			children = (
			);
			path = Model;
			sourceTree = "<group>";
		};
		5B049047278BC0B4006E7B12 /* Controller */ = {
			isa = PBXGroup;
			children = (
				5B04901A278BBF71006E7B12 /* ViewController.swift */,
				5B049048278BC0C5006E7B12 /* View */,
			);
			path = Controller;
			sourceTree = "<group>";
		};
		5B049048278BC0C5006E7B12 /* View */ = {
			isa = PBXGroup;
			children = (
				5B04901C278BBF71006E7B12 /* Main.storyboard */,
				5B049021278BBF75006E7B12 /* LaunchScreen.storyboard */,
			);
			path = View;
			sourceTree = "<group>";
		};
		89E8DA1919C3459D66E34E50 /* Pods */ = {
			isa = PBXGroup;
			children = (
				28674E2CE94E46A96496D75D /* Pods-TableTest.debug.xcconfig */,
				D14D92CAE4B9A6E7CEC25A5F /* Pods-TableTest.release.xcconfig */,
				6B5C4D0AEAE2F5368D2669C1 /* Pods-TableTest-TableTestUITests.debug.xcconfig */,
				F2309888808D92EC409063C4 /* Pods-TableTest-TableTestUITests.release.xcconfig */,
				BF3E9C188200A08780C30AE1 /* Pods-TableTestTests.debug.xcconfig */,
				0FFF517FD0081742BCD084AF /* Pods-TableTestTests.release.xcconfig */,
			);
			name = Pods;
			path = Pods;
			sourceTree = "<group>";
		};
/* End PBXGroup section */

/* Begin PBXNativeTarget section */
		5B049012278BBF71006E7B12 /* TableTest */ = {
			isa = PBXNativeTarget;
			buildConfigurationList = 5B04903D278BBF76006E7B12 /* Build configuration list for PBXNativeTarget "TableTest" */;
			buildPhases = (
				02F32DDC8C20D5167A03D1AC /* [CP] Check Pods Manifest.lock */,
				5B04900F278BBF71006E7B12 /* Sources */,
				5B049010278BBF71006E7B12 /* Frameworks */,
				5B049011278BBF71006E7B12 /* Resources */,
				9FC551CD24885769A2AB9EBB /* [CP] Embed Pods Frameworks */,
			);
			buildRules = (
			);
			dependencies = (
			);
			name = TableTest;
			productName = TableTest;
			productReference = 5B049013278BBF71006E7B12 /* TableTest.app */;
			productType = "com.apple.product-type.application";
		};
		5B049028278BBF76006E7B12 /* TableTestTests */ = {
			isa = PBXNativeTarget;
			buildConfigurationList = 5B049040278BBF76006E7B12 /* Build configuration list for PBXNativeTarget "TableTestTests" */;
			buildPhases = (
				A14949251511D50B2B7BA101 /* [CP] Check Pods Manifest.lock */,
				5B049025278BBF76006E7B12 /* Sources */,
				5B049026278BBF76006E7B12 /* Frameworks */,
				5B049027278BBF76006E7B12 /* Resources */,
			);
			buildRules = (
			);
			dependencies = (
				5B04902B278BBF76006E7B12 /* PBXTargetDependency */,
			);
			name = TableTestTests;
			productName = TableTestTests;
			productReference = 5B049029278BBF76006E7B12 /* TableTestTests.xctest */;
			productType = "com.apple.product-type.bundle.unit-test";
		};
		5B049032278BBF76006E7B12 /* TableTestUITests */ = {
			isa = PBXNativeTarget;
			buildConfigurationList = 5B049043278BBF76006E7B12 /* Build configuration list for PBXNativeTarget "TableTestUITests" */;
			buildPhases = (
				F35B41815956C7B03D60C0D3 /* [CP] Check Pods Manifest.lock */,
				5B04902F278BBF76006E7B12 /* Sources */,
				5B049030278BBF76006E7B12 /* Frameworks */,
				5B049031278BBF76006E7B12 /* Resources */,
				6D6108206D178F8A7E65BDDC /* [CP] Embed Pods Frameworks */,
			);
			buildRules = (
			);
			dependencies = (
				5B049035278BBF76006E7B12 /* PBXTargetDependency */,
			);
			name = TableTestUITests;
			productName = TableTestUITests;
			productReference = 5B049033278BBF76006E7B12 /* TableTestUITests.xctest */;
			productType = "com.apple.product-type.bundle.ui-testing";
		};
/* End PBXNativeTarget section */

/* Begin PBXProject section */
		5B04900B278BBF71006E7B12 /* Project object */ = {
			isa = PBXProject;
			attributes = {
				BuildIndependentTargetsInParallel = 1;
				LastSwiftUpdateCheck = 1320;
				LastUpgradeCheck = 1320;
				TargetAttributes = {
					5B049012278BBF71006E7B12 = {
						CreatedOnToolsVersion = 13.2.1;
					};
					5B049028278BBF76006E7B12 = {
						CreatedOnToolsVersion = 13.2.1;
						TestTargetID = 5B049012278BBF71006E7B12;
					};
					5B049032278BBF76006E7B12 = {
						CreatedOnToolsVersion = 13.2.1;
						TestTargetID = 5B049012278BBF71006E7B12;
					};
				};
			};
			buildConfigurationList = 5B04900E278BBF71006E7B12 /* Build configuration list for PBXProject "TableTest" */;
			compatibilityVersion = "Xcode 13.0";
			developmentRegion = en;
			hasScannedForEncodings = 0;
			knownRegions = (
				en,
				Base,
			);
			mainGroup = 5B04900A278BBF71006E7B12;
			productRefGroup = 5B049014278BBF71006E7B12 /* Products */;
			projectDirPath = "";
			projectRoot = "";
			targets = (
				5B049012278BBF71006E7B12 /* TableTest */,
				5B049028278BBF76006E7B12 /* TableTestTests */,
				5B049032278BBF76006E7B12 /* TableTestUITests */,
			);
		};
/* End PBXProject section */

/* Begin PBXResourcesBuildPhase section */
		5B049011278BBF71006E7B12 /* Resources */ = {
			isa = PBXResourcesBuildPhase;
			buildActionMask = 2147483647;
			files = (
				5B049023278BBF75006E7B12 /* LaunchScreen.storyboard in Resources */,
				5B049020278BBF75006E7B12 /* Assets.xcassets in Resources */,
				5B04901E278BBF71006E7B12 /* Main.storyboard in Resources */,
			);
			runOnlyForDeploymentPostprocessing = 0;
		};
		5B049027278BBF76006E7B12 /* Resources */ = {
			isa = PBXResourcesBuildPhase;
			buildActionMask = 2147483647;
			files = (
			);
			runOnlyForDeploymentPostprocessing = 0;
		};
		5B049031278BBF76006E7B12 /* Resources */ = {
			isa = PBXResourcesBuildPhase;
			buildActionMask = 2147483647;
			files = (
			);
			runOnlyForDeploymentPostprocessing = 0;
		};
/* End PBXResourcesBuildPhase section */

/* Begin PBXShellScriptBuildPhase section */
		02F32DDC8C20D5167A03D1AC /* [CP] Check Pods Manifest.lock */ = {
			isa = PBXShellScriptBuildPhase;
			buildActionMask = 2147483647;
			files = (
			);
			inputFileListPaths = (
			);
			inputPaths = (
				"${PODS_PODFILE_DIR_PATH}/Podfile.lock",
				"${PODS_ROOT}/Manifest.lock",
			);
			name = "[CP] Check Pods Manifest.lock";
			outputFileListPaths = (
			);
			outputPaths = (
				"$(DERIVED_FILE_DIR)/Pods-TableTest-checkManifestLockResult.txt",
			);
			runOnlyForDeploymentPostprocessing = 0;
			shellPath = /bin/sh;
			shellScript = "diff \"${PODS_PODFILE_DIR_PATH}/Podfile.lock\" \"${PODS_ROOT}/Manifest.lock\" > /dev/null\nif [ $? != 0 ] ; then\n    # print error to STDERR\n    echo \"error: The sandbox is not in sync with the Podfile.lock. Run 'pod install' or update your CocoaPods installation.\" >&2\n    exit 1\nfi\n# This output is used by Xcode 'outputs' to avoid re-running this script phase.\necho \"SUCCESS\" > \"${SCRIPT_OUTPUT_FILE_0}\"\n";
			showEnvVarsInLog = 0;
		};
		6D6108206D178F8A7E65BDDC /* [CP] Embed Pods Frameworks */ = {
			isa = PBXShellScriptBuildPhase;
			buildActionMask = 2147483647;
			files = (
			);
			inputFileListPaths = (
				"${PODS_ROOT}/Target Support Files/Pods-TableTest-TableTestUITests/Pods-TableTest-TableTestUITests-frameworks-${CONFIGURATION}-input-files.xcfilelist",
			);
			name = "[CP] Embed Pods Frameworks";
			outputFileListPaths = (
				"${PODS_ROOT}/Target Support Files/Pods-TableTest-TableTestUITests/Pods-TableTest-TableTestUITests-frameworks-${CONFIGURATION}-output-files.xcfilelist",
			);
			runOnlyForDeploymentPostprocessing = 0;
			shellPath = /bin/sh;
			shellScript = "\"${PODS_ROOT}/Target Support Files/Pods-TableTest-TableTestUITests/Pods-TableTest-TableTestUITests-frameworks.sh\"\n";
			showEnvVarsInLog = 0;
		};
		9FC551CD24885769A2AB9EBB /* [CP] Embed Pods Frameworks */ = {
			isa = PBXShellScriptBuildPhase;
			buildActionMask = 2147483647;
			files = (
			);
			inputFileListPaths = (
				"${PODS_ROOT}/Target Support Files/Pods-TableTest/Pods-TableTest-frameworks-${CONFIGURATION}-input-files.xcfilelist",
			);
			name = "[CP] Embed Pods Frameworks";
			outputFileListPaths = (
				"${PODS_ROOT}/Target Support Files/Pods-TableTest/Pods-TableTest-frameworks-${CONFIGURATION}-output-files.xcfilelist",
			);
			runOnlyForDeploymentPostprocessing = 0;
			shellPath = /bin/sh;
			shellScript = "\"${PODS_ROOT}/Target Support Files/Pods-TableTest/Pods-TableTest-frameworks.sh\"\n";
			showEnvVarsInLog = 0;
		};
		A14949251511D50B2B7BA101 /* [CP] Check Pods Manifest.lock */ = {
			isa = PBXShellScriptBuildPhase;
			buildActionMask = 2147483647;
			files = (
			);
			inputFileListPaths = (
			);
			inputPaths = (
				"${PODS_PODFILE_DIR_PATH}/Podfile.lock",
				"${PODS_ROOT}/Manifest.lock",
			);
			name = "[CP] Check Pods Manifest.lock";
			outputFileListPaths = (
			);
			outputPaths = (
				"$(DERIVED_FILE_DIR)/Pods-TableTestTests-checkManifestLockResult.txt",
			);
			runOnlyForDeploymentPostprocessing = 0;
			shellPath = /bin/sh;
			shellScript = "diff \"${PODS_PODFILE_DIR_PATH}/Podfile.lock\" \"${PODS_ROOT}/Manifest.lock\" > /dev/null\nif [ $? != 0 ] ; then\n    # print error to STDERR\n    echo \"error: The sandbox is not in sync with the Podfile.lock. Run 'pod install' or update your CocoaPods installation.\" >&2\n    exit 1\nfi\n# This output is used by Xcode 'outputs' to avoid re-running this script phase.\necho \"SUCCESS\" > \"${SCRIPT_OUTPUT_FILE_0}\"\n";
			showEnvVarsInLog = 0;
		};
		F35B41815956C7B03D60C0D3 /* [CP] Check Pods Manifest.lock */ = {
			isa = PBXShellScriptBuildPhase;
			buildActionMask = 2147483647;
			files = (
			);
			inputFileListPaths = (
			);
			inputPaths = (
				"${PODS_PODFILE_DIR_PATH}/Podfile.lock",
				"${PODS_ROOT}/Manifest.lock",
			);
			name = "[CP] Check Pods Manifest.lock";
			outputFileListPaths = (
			);
			outputPaths = (
				"$(DERIVED_FILE_DIR)/Pods-TableTest-TableTestUITests-checkManifestLockResult.txt",
			);
			runOnlyForDeploymentPostprocessing = 0;
			shellPath = /bin/sh;
			shellScript = "diff \"${PODS_PODFILE_DIR_PATH}/Podfile.lock\" \"${PODS_ROOT}/Manifest.lock\" > /dev/null\nif [ $? != 0 ] ; then\n    # print error to STDERR\n    echo \"error: The sandbox is not in sync with the Podfile.lock. Run 'pod install' or update your CocoaPods installation.\" >&2\n    exit 1\nfi\n# This output is used by Xcode 'outputs' to avoid re-running this script phase.\necho \"SUCCESS\" > \"${SCRIPT_OUTPUT_FILE_0}\"\n";
			showEnvVarsInLog = 0;
		};
/* End PBXShellScriptBuildPhase section */

/* Begin PBXSourcesBuildPhase section */
		5B04900F278BBF71006E7B12 /* Sources */ = {
			isa = PBXSourcesBuildPhase;
			buildActionMask = 2147483647;
			files = (
				5B04901B278BBF71006E7B12 /* ViewController.swift in Sources */,
				5B049017278BBF71006E7B12 /* AppDelegate.swift in Sources */,
				5B049019278BBF71006E7B12 /* SceneDelegate.swift in Sources */,
			);
			runOnlyForDeploymentPostprocessing = 0;
		};
		5B049025278BBF76006E7B12 /* Sources */ = {
			isa = PBXSourcesBuildPhase;
			buildActionMask = 2147483647;
			files = (
				5B04902E278BBF76006E7B12 /* TableTestTests.swift in Sources */,
			);
			runOnlyForDeploymentPostprocessing = 0;
		};
		5B04902F278BBF76006E7B12 /* Sources */ = {
			isa = PBXSourcesBuildPhase;
			buildActionMask = 2147483647;
			files = (
				5B049038278BBF76006E7B12 /* TableTestUITests.swift in Sources */,
				5B04903A278BBF76006E7B12 /* TableTestUITestsLaunchTests.swift in Sources */,
			);
			runOnlyForDeploymentPostprocessing = 0;
		};
/* End PBXSourcesBuildPhase section */

/* Begin PBXTargetDependency section */
		5B04902B278BBF76006E7B12 /* PBXTargetDependency */ = {
			isa = PBXTargetDependency;
			target = 5B049012278BBF71006E7B12 /* TableTest */;
			targetProxy = 5B04902A278BBF76006E7B12 /* PBXContainerItemProxy */;
		};
		5B049035278BBF76006E7B12 /* PBXTargetDependency */ = {
			isa = PBXTargetDependency;
			target = 5B049012278BBF71006E7B12 /* TableTest */;
			targetProxy = 5B049034278BBF76006E7B12 /* PBXContainerItemProxy */;
		};
/* End PBXTargetDependency section */

/* Begin PBXVariantGroup section */
		5B04901C278BBF71006E7B12 /* Main.storyboard */ = {
			isa = PBXVariantGroup;
			children = (
				5B04901D278BBF71006E7B12 /* Base */,
			);
			name = Main.storyboard;
			sourceTree = "<group>";
		};
		5B049021278BBF75006E7B12 /* LaunchScreen.storyboard */ = {
			isa = PBXVariantGroup;
			children = (
				5B049022278BBF75006E7B12 /* Base */,
			);
			name = LaunchScreen.storyboard;
			sourceTree = "<group>";
		};
/* End PBXVariantGroup section */

/* Begin XCBuildConfiguration section */
		5B04903B278BBF76006E7B12 /* Debug */ = {
			isa = XCBuildConfiguration;
			buildSettings = {
				ALWAYS_SEARCH_USER_PATHS = NO;
				CLANG_ANALYZER_NONNULL = YES;
				CLANG_ANALYZER_NUMBER_OBJECT_CONVERSION = YES_AGGRESSIVE;
				CLANG_CXX_LANGUAGE_STANDARD = "gnu++17";
				CLANG_CXX_LIBRARY = "libc++";
				CLANG_ENABLE_MODULES = YES;
				CLANG_ENABLE_OBJC_ARC = YES;
				CLANG_ENABLE_OBJC_WEAK = YES;
				CLANG_WARN_BLOCK_CAPTURE_AUTORELEASING = YES;
				CLANG_WARN_BOOL_CONVERSION = YES;
				CLANG_WARN_COMMA = YES;
				CLANG_WARN_CONSTANT_CONVERSION = YES;
				CLANG_WARN_DEPRECATED_OBJC_IMPLEMENTATIONS = YES;
				CLANG_WARN_DIRECT_OBJC_ISA_USAGE = YES_ERROR;
				CLANG_WARN_DOCUMENTATION_COMMENTS = YES;
				CLANG_WARN_EMPTY_BODY = YES;
				CLANG_WARN_ENUM_CONVERSION = YES;
				CLANG_WARN_INFINITE_RECURSION = YES;
				CLANG_WARN_INT_CONVERSION = YES;
				CLANG_WARN_NON_LITERAL_NULL_CONVERSION = YES;
				CLANG_WARN_OBJC_IMPLICIT_RETAIN_SELF = YES;
				CLANG_WARN_OBJC_LITERAL_CONVERSION = YES;
				CLANG_WARN_OBJC_ROOT_CLASS = YES_ERROR;
				CLANG_WARN_QUOTED_INCLUDE_IN_FRAMEWORK_HEADER = YES;
				CLANG_WARN_RANGE_LOOP_ANALYSIS = YES;
				CLANG_WARN_STRICT_PROTOTYPES = YES;
				CLANG_WARN_SUSPICIOUS_MOVE = YES;
				CLANG_WARN_UNGUARDED_AVAILABILITY = YES_AGGRESSIVE;
				CLANG_WARN_UNREACHABLE_CODE = YES;
				CLANG_WARN__DUPLICATE_METHOD_MATCH = YES;
				COPY_PHASE_STRIP = NO;
				DEBUG_INFORMATION_FORMAT = dwarf;
				ENABLE_STRICT_OBJC_MSGSEND = YES;
				ENABLE_TESTABILITY = YES;
				GCC_C_LANGUAGE_STANDARD = gnu11;
				GCC_DYNAMIC_NO_PIC = NO;
				GCC_NO_COMMON_BLOCKS = YES;
				GCC_OPTIMIZATION_LEVEL = 0;
				GCC_PREPROCESSOR_DEFINITIONS = (
					"DEBUG=1",
					"$(inherited)",
				);
				GCC_WARN_64_TO_32_BIT_CONVERSION = YES;
				GCC_WARN_ABOUT_RETURN_TYPE = YES_ERROR;
				GCC_WARN_UNDECLARED_SELECTOR = YES;
				GCC_WARN_UNINITIALIZED_AUTOS = YES_AGGRESSIVE;
				GCC_WARN_UNUSED_FUNCTION = YES;
				GCC_WARN_UNUSED_VARIABLE = YES;
				IPHONEOS_DEPLOYMENT_TARGET = 15.2;
				MTL_ENABLE_DEBUG_INFO = INCLUDE_SOURCE;
				MTL_FAST_MATH = YES;
				ONLY_ACTIVE_ARCH = YES;
				SDKROOT = iphoneos;
				SWIFT_ACTIVE_COMPILATION_CONDITIONS = DEBUG;
				SWIFT_OPTIMIZATION_LEVEL = "-Onone";
			};
			name = Debug;
		};
		5B04903C278BBF76006E7B12 /* Release */ = {
			isa = XCBuildConfiguration;
			buildSettings = {
				ALWAYS_SEARCH_USER_PATHS = NO;
				CLANG_ANALYZER_NONNULL = YES;
				CLANG_ANALYZER_NUMBER_OBJECT_CONVERSION = YES_AGGRESSIVE;
				CLANG_CXX_LANGUAGE_STANDARD = "gnu++17";
				CLANG_CXX_LIBRARY = "libc++";
				CLANG_ENABLE_MODULES = YES;
				CLANG_ENABLE_OBJC_ARC = YES;
				CLANG_ENABLE_OBJC_WEAK = YES;
				CLANG_WARN_BLOCK_CAPTURE_AUTORELEASING = YES;
				CLANG_WARN_BOOL_CONVERSION = YES;
				CLANG_WARN_COMMA = YES;
				CLANG_WARN_CONSTANT_CONVERSION = YES;
				CLANG_WARN_DEPRECATED_OBJC_IMPLEMENTATIONS = YES;
				CLANG_WARN_DIRECT_OBJC_ISA_USAGE = YES_ERROR;
				CLANG_WARN_DOCUMENTATION_COMMENTS = YES;
				CLANG_WARN_EMPTY_BODY = YES;
				CLANG_WARN_ENUM_CONVERSION = YES;
				CLANG_WARN_INFINITE_RECURSION = YES;
				CLANG_WARN_INT_CONVERSION = YES;
				CLANG_WARN_NON_LITERAL_NULL_CONVERSION = YES;
				CLANG_WARN_OBJC_IMPLICIT_RETAIN_SELF = YES;
				CLANG_WARN_OBJC_LITERAL_CONVERSION = YES;
				CLANG_WARN_OBJC_ROOT_CLASS = YES_ERROR;
				CLANG_WARN_QUOTED_INCLUDE_IN_FRAMEWORK_HEADER = YES;
				CLANG_WARN_RANGE_LOOP_ANALYSIS = YES;
				CLANG_WARN_STRICT_PROTOTYPES = YES;
				CLANG_WARN_SUSPICIOUS_MOVE = YES;
				CLANG_WARN_UNGUARDED_AVAILABILITY = YES_AGGRESSIVE;
				CLANG_WARN_UNREACHABLE_CODE = YES;
				CLANG_WARN__DUPLICATE_METHOD_MATCH = YES;
				COPY_PHASE_STRIP = NO;
				DEBUG_INFORMATION_FORMAT = "dwarf-with-dsym";
				ENABLE_NS_ASSERTIONS = NO;
				ENABLE_STRICT_OBJC_MSGSEND = YES;
				GCC_C_LANGUAGE_STANDARD = gnu11;
				GCC_NO_COMMON_BLOCKS = YES;
				GCC_WARN_64_TO_32_BIT_CONVERSION = YES;
				GCC_WARN_ABOUT_RETURN_TYPE = YES_ERROR;
				GCC_WARN_UNDECLARED_SELECTOR = YES;
				GCC_WARN_UNINITIALIZED_AUTOS = YES_AGGRESSIVE;
				GCC_WARN_UNUSED_FUNCTION = YES;
				GCC_WARN_UNUSED_VARIABLE = YES;
				IPHONEOS_DEPLOYMENT_TARGET = 15.2;
				MTL_ENABLE_DEBUG_INFO = NO;
				MTL_FAST_MATH = YES;
				SDKROOT = iphoneos;
				SWIFT_COMPILATION_MODE = wholemodule;
				SWIFT_OPTIMIZATION_LEVEL = "-O";
				VALIDATE_PRODUCT = YES;
			};
			name = Release;
		};
		5B04903E278BBF76006E7B12 /* Debug */ = {
			isa = XCBuildConfiguration;
			baseConfigurationReference = 28674E2CE94E46A96496D75D /* Pods-TableTest.debug.xcconfig */;
			buildSettings = {
				ASSETCATALOG_COMPILER_APPICON_NAME = AppIcon;
				ASSETCATALOG_COMPILER_GLOBAL_ACCENT_COLOR_NAME = AccentColor;
				CODE_SIGN_STYLE = Automatic;
				CURRENT_PROJECT_VERSION = 1;
				GENERATE_INFOPLIST_FILE = YES;
				INFOPLIST_FILE = TableTest/Info.plist;
				INFOPLIST_KEY_UIApplicationSupportsIndirectInputEvents = YES;
				INFOPLIST_KEY_UILaunchStoryboardName = LaunchScreen;
				INFOPLIST_KEY_UIMainStoryboardFile = Main;
				INFOPLIST_KEY_UISupportedInterfaceOrientations_iPad = "UIInterfaceOrientationPortrait UIInterfaceOrientationPortraitUpsideDown UIInterfaceOrientationLandscapeLeft UIInterfaceOrientationLandscapeRight";
				INFOPLIST_KEY_UISupportedInterfaceOrientations_iPhone = "UIInterfaceOrientationPortrait UIInterfaceOrientationLandscapeLeft UIInterfaceOrientationLandscapeRight";
				LD_RUNPATH_SEARCH_PATHS = (
					"$(inherited)",
					"@executable_path/Frameworks",
				);
				MARKETING_VERSION = 1.0;
				PRODUCT_BUNDLE_IDENTIFIER = sample.TableTest;
				PRODUCT_NAME = "$(TARGET_NAME)";
				SWIFT_EMIT_LOC_STRINGS = YES;
				SWIFT_VERSION = 5.0;
				TARGETED_DEVICE_FAMILY = "1,2";
			};
			name = Debug;
		};
		5B04903F278BBF76006E7B12 /* Release */ = {
			isa = XCBuildConfiguration;
			baseConfigurationReference = D14D92CAE4B9A6E7CEC25A5F /* Pods-TableTest.release.xcconfig */;
			buildSettings = {
				ASSETCATALOG_COMPILER_APPICON_NAME = AppIcon;
				ASSETCATALOG_COMPILER_GLOBAL_ACCENT_COLOR_NAME = AccentColor;
				CODE_SIGN_STYLE = Automatic;
				CURRENT_PROJECT_VERSION = 1;
				GENERATE_INFOPLIST_FILE = YES;
				INFOPLIST_FILE = TableTest/Info.plist;
				INFOPLIST_KEY_UIApplicationSupportsIndirectInputEvents = YES;
				INFOPLIST_KEY_UILaunchStoryboardName = LaunchScreen;
				INFOPLIST_KEY_UIMainStoryboardFile = Main;
				INFOPLIST_KEY_UISupportedInterfaceOrientations_iPad = "UIInterfaceOrientationPortrait UIInterfaceOrientationPortraitUpsideDown UIInterfaceOrientationLandscapeLeft UIInterfaceOrientationLandscapeRight";
				INFOPLIST_KEY_UISupportedInterfaceOrientations_iPhone = "UIInterfaceOrientationPortrait UIInterfaceOrientationLandscapeLeft UIInterfaceOrientationLandscapeRight";
				LD_RUNPATH_SEARCH_PATHS = (
					"$(inherited)",
					"@executable_path/Frameworks",
				);
				MARKETING_VERSION = 1.0;
				PRODUCT_BUNDLE_IDENTIFIER = sample.TableTest;
				PRODUCT_NAME = "$(TARGET_NAME)";
				SWIFT_EMIT_LOC_STRINGS = YES;
				SWIFT_VERSION = 5.0;
				TARGETED_DEVICE_FAMILY = "1,2";
			};
			name = Release;
		};
		5B049041278BBF76006E7B12 /* Debug */ = {
			isa = XCBuildConfiguration;
			baseConfigurationReference = BF3E9C188200A08780C30AE1 /* Pods-TableTestTests.debug.xcconfig */;
			buildSettings = {
				ALWAYS_EMBED_SWIFT_STANDARD_LIBRARIES = YES;
				BUNDLE_LOADER = "$(TEST_HOST)";
				CODE_SIGN_STYLE = Automatic;
				CURRENT_PROJECT_VERSION = 1;
				GENERATE_INFOPLIST_FILE = YES;
				IPHONEOS_DEPLOYMENT_TARGET = 15.2;
				MARKETING_VERSION = 1.0;
				PRODUCT_BUNDLE_IDENTIFIER = sample.TableTestTests;
				PRODUCT_NAME = "$(TARGET_NAME)";
				SWIFT_EMIT_LOC_STRINGS = NO;
				SWIFT_VERSION = 5.0;
				TARGETED_DEVICE_FAMILY = "1,2";
				TEST_HOST = "$(BUILT_PRODUCTS_DIR)/TableTest.app/TableTest";
			};
			name = Debug;
		};
		5B049042278BBF76006E7B12 /* Release */ = {
			isa = XCBuildConfiguration;
			baseConfigurationReference = 0FFF517FD0081742BCD084AF /* Pods-TableTestTests.release.xcconfig */;
			buildSettings = {
				ALWAYS_EMBED_SWIFT_STANDARD_LIBRARIES = YES;
				BUNDLE_LOADER = "$(TEST_HOST)";
				CODE_SIGN_STYLE = Automatic;
				CURRENT_PROJECT_VERSION = 1;
				GENERATE_INFOPLIST_FILE = YES;
				IPHONEOS_DEPLOYMENT_TARGET = 15.2;
				MARKETING_VERSION = 1.0;
				PRODUCT_BUNDLE_IDENTIFIER = sample.TableTestTests;
				PRODUCT_NAME = "$(TARGET_NAME)";
				SWIFT_EMIT_LOC_STRINGS = NO;
				SWIFT_VERSION = 5.0;
				TARGETED_DEVICE_FAMILY = "1,2";
				TEST_HOST = "$(BUILT_PRODUCTS_DIR)/TableTest.app/TableTest";
			};
			name = Release;
		};
		5B049044278BBF76006E7B12 /* Debug */ = {
			isa = XCBuildConfiguration;
			baseConfigurationReference = 6B5C4D0AEAE2F5368D2669C1 /* Pods-TableTest-TableTestUITests.debug.xcconfig */;
			buildSettings = {
				ALWAYS_EMBED_SWIFT_STANDARD_LIBRARIES = YES;
				CODE_SIGN_STYLE = Automatic;
				CURRENT_PROJECT_VERSION = 1;
				GENERATE_INFOPLIST_FILE = YES;
				MARKETING_VERSION = 1.0;
				PRODUCT_BUNDLE_IDENTIFIER = sample.TableTestUITests;
				PRODUCT_NAME = "$(TARGET_NAME)";
				SWIFT_EMIT_LOC_STRINGS = NO;
				SWIFT_VERSION = 5.0;
				TARGETED_DEVICE_FAMILY = "1,2";
				TEST_TARGET_NAME = TableTest;
			};
			name = Debug;
		};
		5B049045278BBF76006E7B12 /* Release */ = {
			isa = XCBuildConfiguration;
			baseConfigurationReference = F2309888808D92EC409063C4 /* Pods-TableTest-TableTestUITests.release.xcconfig */;
			buildSettings = {
				ALWAYS_EMBED_SWIFT_STANDARD_LIBRARIES = YES;
				CODE_SIGN_STYLE = Automatic;
				CURRENT_PROJECT_VERSION = 1;
				GENERATE_INFOPLIST_FILE = YES;
				MARKETING_VERSION = 1.0;
				PRODUCT_BUNDLE_IDENTIFIER = sample.TableTestUITests;
				PRODUCT_NAME = "$(TARGET_NAME)";
				SWIFT_EMIT_LOC_STRINGS = NO;
				SWIFT_VERSION = 5.0;
				TARGETED_DEVICE_FAMILY = "1,2";
				TEST_TARGET_NAME = TableTest;
			};
			name = Release;
		};
/* End XCBuildConfiguration section */

/* Begin XCConfigurationList section */
		5B04900E278BBF71006E7B12 /* Build configuration list for PBXProject "TableTest" */ = {
			isa = XCConfigurationList;
			buildConfigurations = (
				5B04903B278BBF76006E7B12 /* Debug */,
				5B04903C278BBF76006E7B12 /* Release */,
			);
			defaultConfigurationIsVisible = 0;
			defaultConfigurationName = Release;
		};
		5B04903D278BBF76006E7B12 /* Build configuration list for PBXNativeTarget "TableTest" */ = {
			isa = XCConfigurationList;
			buildConfigurations = (
				5B04903E278BBF76006E7B12 /* Debug */,
				5B04903F278BBF76006E7B12 /* Release */,
			);
			defaultConfigurationIsVisible = 0;
			defaultConfigurationName = Release;
		};
		5B049040278BBF76006E7B12 /* Build configuration list for PBXNativeTarget "TableTestTests" */ = {
			isa = XCConfigurationList;
			buildConfigurations = (
				5B049041278BBF76006E7B12 /* Debug */,
				5B049042278BBF76006E7B12 /* Release */,
			);
			defaultConfigurationIsVisible = 0;
			defaultConfigurationName = Release;
		};
		5B049043278BBF76006E7B12 /* Build configuration list for PBXNativeTarget "TableTestUITests" */ = {
			isa = XCConfigurationList;
			buildConfigurations = (
				5B049044278BBF76006E7B12 /* Debug */,
				5B049045278BBF76006E7B12 /* Release */,
			);
			defaultConfigurationIsVisible = 0;
			defaultConfigurationName = Release;
		};
/* End XCConfigurationList section */
	};
	rootObject = 5B04900B278BBF71006E7B12 /* Project object */;
}
